
Microsoft Visual Studio Solution File, Format Version 12.00
# Visual Studio Version 17
VisualStudioVersion = 17.8.34330.188
MinimumVisualStudioVersion = 10.0.40219.1
Project("{FAE04EC0-301F-11D3-BF4B-00C04F79EFBC}") = "BackendConsultorio", "BackendConsultorio.csproj", "{D433A319-5B36-4FA6-BA49-437FCBA77DCD}"
EndProject
Global
	GlobalSection(SolutionConfigurationPlatforms) = preSolution
		Debug|Any CPU = Debug|Any CPU
		Release|Any CPU = Release|Any CPU
	EndGlobalSection
	GlobalSection(ProjectConfigurationPlatforms) = postSolution
		{D433A319-5B36-4FA6-BA49-437FCBA77DCD}.Debug|Any CPU.ActiveCfg = Debug|Any CPU
		{D433A319-5B36-4FA6-BA49-437FCBA77DCD}.Debug|Any CPU.Build.0 = Debug|Any CPU
		{D433A319-5B36-4FA6-BA49-437FCBA77DCD}.Release|Any CPU.ActiveCfg = Release|Any CPU
		{D433A319-5B36-4FA6-BA49-437FCBA77DCD}.Release|Any CPU.Build.0 = Release|Any CPU
	EndGlobalSection
	GlobalSection(SolutionProperties) = preSolution
		HideSolutionNode = FALSE
	EndGlobalSection
	GlobalSection(ExtensibilityGlobals) = postSolution
		SolutionGuid = {C6072DA6-C413-4AD1-9208-DF85F2E07BFC}
	EndGlobalSection
EndGlobal
